PATH
  remote: .
  specs:
    logue (1.0.19)

GEM
  remote: https://rubygems.org/
  specs:
    paramesan (0.1.1)
    power_assert (3.0.1)
    rainbow (3.0.0)
    rake (13.0.6)
    test-unit (3.6.1)
      power_assert

PLATFORMS
  ruby

DEPENDENCIES
  bundler (>= 2.0)
  logue!
  paramesan (~> 0.1.1)
  rainbow (~> 3.0.0)
  rake (~> 13.0.1)
  test-unit (= 3.6.1)

BUNDLED WITH
   2.1.4
